
Microsoft Visual Studio Solution File, Format Version 12.00
# Visual Studio Version 16
VisualStudioVersion = 16.0.29020.237
MinimumVisualStudioVersion = 10.0.40219.1
Project("{FAE04EC0-301F-11D3-BF4B-00C04F79EFBC}") = "Zone.UmbracoPersonalisationGroups.V7", "Zone.UmbracoPersonalisationGroups\Zone.UmbracoPersonalisationGroups.V7.csproj", "{0988C56B-0E20-4786-B653-9EEBFBC4E791}"
EndProject
Project("{FAE04EC0-301F-11D3-BF4B-00C04F79EFBC}") = "Zone.UmbracoPersonalisationGroups.Common", "Zone.UmbracoPersonalisationGroups.Common\Zone.UmbracoPersonalisationGroups.Common.csproj", "{2084E9EE-1E69-40B4-9AE0-D7A2CD24F9F0}"
EndProject
Global
	GlobalSection(SolutionConfigurationPlatforms) = preSolution
		Debug|Any CPU = Debug|Any CPU
		Release|Any CPU = Release|Any CPU
	EndGlobalSection
	GlobalSection(ProjectConfigurationPlatforms) = postSolution
		{0988C56B-0E20-4786-B653-9EEBFBC4E791}.Debug|Any CPU.ActiveCfg = Debug|Any CPU
		{0988C56B-0E20-4786-B653-9EEBFBC4E791}.Debug|Any CPU.Build.0 = Debug|Any CPU
		{0988C56B-0E20-4786-B653-9EEBFBC4E791}.Release|Any CPU.ActiveCfg = Release|Any CPU
		{0988C56B-0E20-4786-B653-9EEBFBC4E791}.Release|Any CPU.Build.0 = Release|Any CPU
		{2084E9EE-1E69-40B4-9AE0-D7A2CD24F9F0}.Debug|Any CPU.ActiveCfg = Debug|Any CPU
		{2084E9EE-1E69-40B4-9AE0-D7A2CD24F9F0}.Debug|Any CPU.Build.0 = Debug|Any CPU
		{2084E9EE-1E69-40B4-9AE0-D7A2CD24F9F0}.Release|Any CPU.ActiveCfg = Release|Any CPU
		{2084E9EE-1E69-40B4-9AE0-D7A2CD24F9F0}.Release|Any CPU.Build.0 = Release|Any CPU
	EndGlobalSection
	GlobalSection(SolutionProperties) = preSolution
		HideSolutionNode = FALSE
	EndGlobalSection
	GlobalSection(ExtensibilityGlobals) = postSolution
		SolutionGuid = {D8E675ED-F590-40CB-86E9-16D4FB036E63}
	EndGlobalSection
EndGlobal
